
Microsoft Visual Studio Solution File, Format Version 12.00
# Visual Studio 15
VisualStudioVersion = 15.0.28307.421
MinimumVisualStudioVersion = 10.0.40219.1
Project("{FAE04EC0-301F-11D3-BF4B-00C04F79EFBC}") = "Magic Square", "Magic Square\Magic Square.csproj", "{FC991490-C194-4C30-9D80-1A300633DF82}"
EndProject
Global
	GlobalSection(SolutionConfigurationPlatforms) = preSolution
		Debug|Any CPU = Debug|Any CPU
		Release|Any CPU = Release|Any CPU
	EndGlobalSection
	GlobalSection(ProjectConfigurationPlatforms) = postSolution
		{FC991490-C194-4C30-9D80-1A300633DF82}.Debug|Any CPU.ActiveCfg = Debug|Any CPU
		{FC991490-C194-4C30-9D80-1A300633DF82}.Debug|Any CPU.Build.0 = Debug|Any CPU
		{FC991490-C194-4C30-9D80-1A300633DF82}.Release|Any CPU.ActiveCfg = Release|Any CPU
		{FC991490-C194-4C30-9D80-1A300633DF82}.Release|Any CPU.Build.0 = Release|Any CPU
	EndGlobalSection
	GlobalSection(SolutionProperties) = preSolution
		HideSolutionNode = FALSE
	EndGlobalSection
	GlobalSection(ExtensibilityGlobals) = postSolution
		SolutionGuid = {24AE710B-AC36-419C-BE7A-8401F9813718}
	EndGlobalSection
EndGlobal
